
Microsoft Visual Studio Solution File, Format Version 12.00
# Visual Studio Version 17
VisualStudioVersion = 17.9.34622.214
MinimumVisualStudioVersion = 10.0.40219.1
Project("{FAE04EC0-301F-11D3-BF4B-00C04F79EFBC}") = "kutuphane_otomasyou", "kutuphane_otomasyou\kutuphane_otomasyou.csproj", "{43AE6D20-19B4-4F60-803E-49582E193CB5}"
EndProject
Global
	GlobalSection(SolutionConfigurationPlatforms) = preSolution
		Debug|Any CPU = Debug|Any CPU
		Release|Any CPU = Release|Any CPU
	EndGlobalSection
	GlobalSection(ProjectConfigurationPlatforms) = postSolution
		{43AE6D20-19B4-4F60-803E-49582E193CB5}.Debug|Any CPU.ActiveCfg = Debug|Any CPU
		{43AE6D20-19B4-4F60-803E-49582E193CB5}.Debug|Any CPU.Build.0 = Debug|Any CPU
		{43AE6D20-19B4-4F60-803E-49582E193CB5}.Release|Any CPU.ActiveCfg = Release|Any CPU
		{43AE6D20-19B4-4F60-803E-49582E193CB5}.Release|Any CPU.Build.0 = Release|Any CPU
	EndGlobalSection
	GlobalSection(SolutionProperties) = preSolution
		HideSolutionNode = FALSE
	EndGlobalSection
	GlobalSection(ExtensibilityGlobals) = postSolution
		SolutionGuid = {DECF1EE3-5BD4-4F52-B38B-B852BE7DB7D7}
	EndGlobalSection
EndGlobal
